// !$*UTF8*$!
{
	archiveVersion = 1;
	classes = {
	};
	objectVersion = 46;
	objects = {

/* Begin PBXBuildFile section */
		91E39D2A1ED11DFA0056C3B4 /* AppDelegate.swift in Sources */ = {isa = PBXBuildFile; fileRef = 91E39D291ED11DFA0056C3B4 /* AppDelegate.swift */; };
		91E39D2C1ED11DFA0056C3B4 /* ViewController.swift in Sources */ = {isa = PBXBuildFile; fileRef = 91E39D2B1ED11DFA0056C3B4 /* ViewController.swift */; };
		91E39D2F1ED11DFA0056C3B4 /* Main.storyboard in Resources */ = {isa = PBXBuildFile; fileRef = 91E39D2D1ED11DFA0056C3B4 /* Main.storyboard */; };
		91E39D311ED11DFA0056C3B4 /* Assets.xcassets in Resources */ = {isa = PBXBuildFile; fileRef = 91E39D301ED11DFA0056C3B4 /* Assets.xcassets */; };
		91E39D341ED11DFA0056C3B4 /* LaunchScreen.storyboard in Resources */ = {isa = PBXBuildFile; fileRef = 91E39D321ED11DFA0056C3B4 /* LaunchScreen.storyboard */; };
		91E39D3D1ED120440056C3B4 /* FaceView.swift in Sources */ = {isa = PBXBuildFile; fileRef = 91E39D3C1ED120440056C3B4 /* FaceView.swift */; };
/* End PBXBuildFile section */

/* Begin PBXFileReference section */
		91E39D261ED11DFA0056C3B4 /* FaceIt.app */ = {isa = PBXFileReference; explicitFileType = wrapper.application; includeInIndex = 0; path = FaceIt.app; sourceTree = BUILT_PRODUCTS_DIR; };
		91E39D291ED11DFA0056C3B4 /* AppDelegate.swift */ = {isa = PBXFileReference; lastKnownFileType = sourcecode.swift; path = AppDelegate.swift; sourceTree = "<group>"; };
		91E39D2B1ED11DFA0056C3B4 /* ViewController.swift */ = {isa = PBXFileReference; lastKnownFileType = sourcecode.swift; path = ViewController.swift; sourceTree = "<group>"; };
		91E39D2E1ED11DFA0056C3B4 /* Base */ = {isa = PBXFileReference; lastKnownFileType = file.storyboard; name = Base; path = Base.lproj/Main.storyboard; sourceTree = "<group>"; };
		91E39D301ED11DFA0056C3B4 /* Assets.xcassets */ = {isa = PBXFileReference; lastKnownFileType = folder.assetcatalog; path = Assets.xcassets; sourceTree = "<group>"; };
		91E39D331ED11DFA0056C3B4 /* Base */ = {isa = PBXFileReference; lastKnownFileType = file.storyboard; name = Base; path = Base.lproj/LaunchScreen.storyboard; sourceTree = "<group>"; };
		91E39D351ED11DFA0056C3B4 /* Info.plist */ = {isa = PBXFileReference; lastKnownFileType = text.plist.xml; path = Info.plist; sourceTree = "<group>"; };
		91E39D3C1ED120440056C3B4 /* FaceView.swift */ = {isa = PBXFileReference; fileEncoding = 4; lastKnownFileType = sourcecode.swift; path = FaceView.swift; sourceTree = "<group>"; };
/* End PBXFileReference section */

/* Begin PBXFrameworksBuildPhase section */
		91E39D231ED11DFA0056C3B4 /* Frameworks */ = {
			isa = PBXFrameworksBuildPhase;
			buildActionMask = 2147483647;
			files = (
			);
			runOnlyForDeploymentPostprocessing = 0;
		};
/* End PBXFrameworksBuildPhase section */

/* Begin PBXGroup section */
		91E39D1D1ED11DFA0056C3B4 = {
			isa = PBXGroup;
			children = (
				91E39D281ED11DFA0056C3B4 /* FaceIt */,
				91E39D271ED11DFA0056C3B4 /* Products */,
			);
			sourceTree = "<group>";
		};
		91E39D271ED11DFA0056C3B4 /* Products */ = {
			isa = PBXGroup;
			children = (
				91E39D261ED11DFA0056C3B4 /* FaceIt.app */,
			);
			name = Products;
			sourceTree = "<group>";
		};
		91E39D281ED11DFA0056C3B4 /* FaceIt */ = {
			isa = PBXGroup;
			children = (
				91E39D2B1ED11DFA0056C3B4 /* ViewController.swift */,
				91E39D3C1ED120440056C3B4 /* FaceView.swift */,
				91E39D2D1ED11DFA0056C3B4 /* Main.storyboard */,
				91E39D3B1ED11E5E0056C3B4 /* Supporting Files */,
			);
			path = FaceIt;
			sourceTree = "<group>";
		};
		91E39D3B1ED11E5E0056C3B4 /* Supporting Files */ = {
			isa = PBXGroup;
			children = (
				91E39D291ED11DFA0056C3B4 /* AppDelegate.swift */,
				91E39D301ED11DFA0056C3B4 /* Assets.xcassets */,
				91E39D321ED11DFA0056C3B4 /* LaunchScreen.storyboard */,
				91E39D351ED11DFA0056C3B4 /* Info.plist */,
			);
			name = "Supporting Files";
			sourceTree = "<group>";
		};
/* End PBXGroup section */

/* Begin PBXNativeTarget section */
		91E39D251ED11DFA0056C3B4 /* FaceIt */ = {
			isa = PBXNativeTarget;
			buildConfigurationList = 91E39D381ED11DFA0056C3B4 /* Build configuration list for PBXNativeTarget "FaceIt" */;
			buildPhases = (
				91E39D221ED11DFA0056C3B4 /* Sources */,
				91E39D231ED11DFA0056C3B4 /* Frameworks */,
				91E39D241ED11DFA0056C3B4 /* Resources */,
			);
			buildRules = (
			);
			dependencies = (
			);
			name = FaceIt;
			productName = FaceIt;
			productReference = 91E39D261ED11DFA0056C3B4 /* FaceIt.app */;
			productType = "com.apple.product-type.application";
		};
/* End PBXNativeTarget section */

/* Begin PBXProject section */
		91E39D1E1ED11DFA0056C3B4 /* Project object */ = {
			isa = PBXProject;
			attributes = {
				LastSwiftUpdateCheck = 0830;
				LastUpgradeCheck = 0830;
				ORGANIZATIONNAME = Bennett;
				TargetAttributes = {
					91E39D251ED11DFA0056C3B4 = {
						CreatedOnToolsVersion = 8.3.2;
						DevelopmentTeam = L6BTPYG3M7;
						ProvisioningStyle = Automatic;
					};
				};
			};
			buildConfigurationList = 91E39D211ED11DFA0056C3B4 /* Build configuration list for PBXProject "FaceIt" */;
			compatibilityVersion = "Xcode 3.2";
			developmentRegion = English;
			hasScannedForEncodings = 0;
			knownRegions = (
				en,
				Base,
			);
			mainGroup = 91E39D1D1ED11DFA0056C3B4;
			productRefGroup = 91E39D271ED11DFA0056C3B4 /* Products */;
			projectDirPath = "";
			projectRoot = "";
			targets = (
				91E39D251ED11DFA0056C3B4 /* FaceIt */,
			);
		};
/* End PBXProject section */

/* Begin PBXResourcesBuildPhase section */
		91E39D241ED11DFA0056C3B4 /* Resources */ = {
			isa = PBXResourcesBuildPhase;
			buildActionMask = 2147483647;
			files = (
				91E39D341ED11DFA0056C3B4 /* LaunchScreen.storyboard in Resources */,
				91E39D311ED11DFA0056C3B4 /* Assets.xcassets in Resources */,
				91E39D2F1ED11DFA0056C3B4 /* Main.storyboard in Resources */,
			);
			runOnlyForDeploymentPostprocessing = 0;
		};
/* End PBXResourcesBuildPhase section */

/* Begin PBXSourcesBuildPhase section */
		91E39D221ED11DFA0056C3B4 /* Sources */ = {
			isa = PBXSourcesBuildPhase;
			buildActionMask = 2147483647;
			files = (
				91E39D2C1ED11DFA0056C3B4 /* ViewController.swift in Sources */,
				91E39D2A1ED11DFA0056C3B4 /* AppDelegate.swift in Sources */,
				91E39D3D1ED120440056C3B4 /* FaceView.swift in Sources */,
			);
			runOnlyForDeploymentPostprocessing = 0;
		};
/* End PBXSourcesBuildPhase section */

/* Begin PBXVariantGroup section */
		91E39D2D1ED11DFA0056C3B4 /* Main.storyboard */ = {
			isa = PBXVariantGroup;
			children = (
				91E39D2E1ED11DFA0056C3B4 /* Base */,
			);
			name = Main.storyboard;
			sourceTree = "<group>";
		};
		91E39D321ED11DFA0056C3B4 /* LaunchScreen.storyboard */ = {
			isa = PBXVariantGroup;
			children = (
				91E39D331ED11DFA0056C3B4 /* Base */,
			);
			name = LaunchScreen.storyboard;
			sourceTree = "<group>";
		};
/* End PBXVariantGroup section */

/* Begin XCBuildConfiguration section */
		91E39D361ED11DFA0056C3B4 /* Debug */ = {
			isa = XCBuildConfiguration;
			buildSettings = {
				ALWAYS_SEARCH_USER_PATHS = NO;
				CLANG_ANALYZER_NONNULL = YES;
				CLANG_ANALYZER_NUMBER_OBJECT_CONVERSION = YES_AGGRESSIVE;
				CLANG_CXX_LANGUAGE_STANDARD = "gnu++0x";
				CLANG_CXX_LIBRARY = "libc++";
				CLANG_ENABLE_MODULES = YES;
				CLANG_ENABLE_OBJC_ARC = YES;
				CLANG_WARN_BOOL_CONVERSION = YES;
				CLANG_WARN_CONSTANT_CONVERSION = YES;
				CLANG_WARN_DIRECT_OBJC_ISA_USAGE = YES_ERROR;
				CLANG_WARN_DOCUMENTATION_COMMENTS = YES;
				CLANG_WARN_EMPTY_BODY = YES;
				CLANG_WARN_ENUM_CONVERSION = YES;
				CLANG_WARN_INFINITE_RECURSION = YES;
				CLANG_WARN_INT_CONVERSION = YES;
				CLANG_WARN_OBJC_ROOT_CLASS = YES_ERROR;
				CLANG_WARN_SUSPICIOUS_MOVE = YES;
				CLANG_WARN_UNREACHABLE_CODE = YES;
				CLANG_WARN__DUPLICATE_METHOD_MATCH = YES;
				"CODE_SIGN_IDENTITY[sdk=iphoneos*]" = "iPhone Developer";
				COPY_PHASE_STRIP = NO;
				DEBUG_INFORMATION_FORMAT = dwarf;
				ENABLE_STRICT_OBJC_MSGSEND = YES;
				ENABLE_TESTABILITY = YES;
				GCC_C_LANGUAGE_STANDARD = gnu99;
				GCC_DYNAMIC_NO_PIC = NO;
				GCC_NO_COMMON_BLOCKS = YES;
				GCC_OPTIMIZATION_LEVEL = 0;
				GCC_PREPROCESSOR_DEFINITIONS = (
					"DEBUG=1",
					"$(inherited)",
				);
				GCC_WARN_64_TO_32_BIT_CONVERSION = YES;
				GCC_WARN_ABOUT_RETURN_TYPE = YES_ERROR;
				GCC_WARN_UNDECLARED_SELECTOR = YES;
				GCC_WARN_UNINITIALIZED_AUTOS = YES_AGGRESSIVE;
				GCC_WARN_UNUSED_FUNCTION = YES;
				GCC_WARN_UNUSED_VARIABLE = YES;
				IPHONEOS_DEPLOYMENT_TARGET = 10.3;
				MTL_ENABLE_DEBUG_INFO = YES;
				ONLY_ACTIVE_ARCH = YES;
				SDKROOT = iphoneos;
				SWIFT_ACTIVE_COMPILATION_CONDITIONS = DEBUG;
				SWIFT_OPTIMIZATION_LEVEL = "-Onone";
				TARGETED_DEVICE_FAMILY = "1,2";
			};
			name = Debug;
		};
		91E39D371ED11DFA0056C3B4 /* Release */ = {
			isa = XCBuildConfiguration;
			buildSettings = {
				ALWAYS_SEARCH_USER_PATHS = NO;
				CLANG_ANALYZER_NONNULL = YES;
				CLANG_ANALYZER_NUMBER_OBJECT_CONVERSION = YES_AGGRESSIVE;
				CLANG_CXX_LANGUAGE_STANDARD = "gnu++0x";
				CLANG_CXX_LIBRARY = "libc++";
				CLANG_ENABLE_MODULES = YES;
				CLANG_ENABLE_OBJC_ARC = YES;
				CLANG_WARN_BOOL_CONVERSION = YES;
				CLANG_WARN_CONSTANT_CONVERSION = YES;
				CLANG_WARN_DIRECT_OBJC_ISA_USAGE = YES_ERROR;
				CLANG_WARN_DOCUMENTATION_COMMENTS = YES;
				CLANG_WARN_EMPTY_BODY = YES;
				CLANG_WARN_ENUM_CONVERSION = YES;
				CLANG_WARN_INFINITE_RECURSION = YES;
				CLANG_WARN_INT_CONVERSION = YES;
				CLANG_WARN_OBJC_ROOT_CLASS = YES_ERROR;
				CLANG_WARN_SUSPICIOUS_MOVE = YES;
				CLANG_WARN_UNREACHABLE_CODE = YES;
				CLANG_WARN__DUPLICATE_METHOD_MATCH = YES;
				"CODE_SIGN_IDENTITY[sdk=iphoneos*]" = "iPhone Developer";
				COPY_PHASE_STRIP = NO;
				DEBUG_INFORMATION_FORMAT = "dwarf-with-dsym";
				ENABLE_NS_ASSERTIONS = NO;
				ENABLE_STRICT_OBJC_MSGSEND = YES;
				GCC_C_LANGUAGE_STANDARD = gnu99;
				GCC_NO_COMMON_BLOCKS = YES;
				GCC_WARN_64_TO_32_BIT_CONVERSION = YES;
				GCC_WARN_ABOUT_RETURN_TYPE = YES_ERROR;
				GCC_WARN_UNDECLARED_SELECTOR = YES;
				GCC_WARN_UNINITIALIZED_AUTOS = YES_AGGRESSIVE;
				GCC_WARN_UNUSED_FUNCTION = YES;
				GCC_WARN_UNUSED_VARIABLE = YES;
				IPHONEOS_DEPLOYMENT_TARGET = 10.3;
				MTL_ENABLE_DEBUG_INFO = NO;
				SDKROOT = iphoneos;
				SWIFT_OPTIMIZATION_LEVEL = "-Owholemodule";
				TARGETED_DEVICE_FAMILY = "1,2";
				VALIDATE_PRODUCT = YES;
			};
			name = Release;
		};
		91E39D391ED11DFA0056C3B4 /* Debug */ = {
			isa = XCBuildConfiguration;
			buildSettings = {
				ASSETCATALOG_COMPILER_APPICON_NAME = AppIcon;
				DEVELOPMENT_TEAM = L6BTPYG3M7;
				INFOPLIST_FILE = FaceIt/Info.plist;
				LD_RUNPATH_SEARCH_PATHS = "$(inherited) @executable_path/Frameworks";
				PRODUCT_BUNDLE_IDENTIFIER = com.Bennett.FaceIt;
				PRODUCT_NAME = "$(TARGET_NAME)";
				SWIFT_VERSION = 3.0;
			};
			name = Debug;
		};
		91E39D3A1ED11DFA0056C3B4 /* Release */ = {
			isa = XCBuildConfiguration;
			buildSettings = {
				ASSETCATALOG_COMPILER_APPICON_NAME = AppIcon;
				DEVELOPMENT_TEAM = L6BTPYG3M7;
				INFOPLIST_FILE = FaceIt/Info.plist;
				LD_RUNPATH_SEARCH_PATHS = "$(inherited) @executable_path/Frameworks";
				PRODUCT_BUNDLE_IDENTIFIER = com.Bennett.FaceIt;
				PRODUCT_NAME = "$(TARGET_NAME)";
				SWIFT_VERSION = 3.0;
			};
			name = Release;
		};
/* End XCBuildConfiguration section */

/* Begin XCConfigurationList section */
		91E39D211ED11DFA0056C3B4 /* Build configuration list for PBXProject "FaceIt" */ = {
			isa = XCConfigurationList;
			buildConfigurations = (
				91E39D361ED11DFA0056C3B4 /* Debug */,
				91E39D371ED11DFA0056C3B4 /* Release */,
			);
			defaultConfigurationIsVisible = 0;
			defaultConfigurationName = Release;
		};
		91E39D381ED11DFA0056C3B4 /* Build configuration list for PBXNativeTarget "FaceIt" */ = {
			isa = XCConfigurationList;
			buildConfigurations = (
				91E39D391ED11DFA0056C3B4 /* Debug */,
				91E39D3A1ED11DFA0056C3B4 /* Release */,
			);
			defaultConfigurationIsVisible = 0;
		};
/* End XCConfigurationList section */
	};
	rootObject = 91E39D1E1ED11DFA0056C3B4 /* Project object */;
}
